{
  "version": 4,
  "terraform_version": "1.13.5",
  "serial": 101,
  "lineage": "b41bf3c6-1282-5bf3-39f1-7400c954ef9d",
  "outputs": {
    "ubuntu_container_password": {
      "value": "DPVuhDJkAjOJ62Qx",
      "type": "string",
      "sensitive": true
    },
    "ubuntu_container_private_key": {
      "value": "-----BEGIN RSA PRIVATE KEY-----\nMIIEowIBAAKCAQEA9wdyaEKE917N2saIC86/OrOu3+RPhfRJO5Qe1KpRNIEFWEEs\nvRf/dzpk8cmSzhSMAil+7dtL27GyjnqSG+TU62I9HaMvu/yveXehTvwtnaOpnIQt\nsM/jLH5NtUc9jF3DMaul8yWKbhHGnfMdkrYaCysfBf+MaAu5W1w0xT7gg0KdxrsO\npB5MAMKiy7VVc6z0fsSlYC9ozCH4P5RhMq1ZN0nhNE8B+gx1QgFd9WafwT1wTEgB\nitdK63FtVign0hAmtflMz6f9oHC5uhgZVXZKpDGi3OmhrI8IyfK8AIu3ePN9RdhH\nTIsUBzsBQ+ni7KSdNRlVk0/pr2GMzaKAkioOywIDAQABAoIBAElqq6xj1KvGP8z9\nAxLrS7cxDtCYxK+tlhRAZddTlRXTIJkFqbu7RaAUOUsI2vonbiL4XTJo4gc1rTke\nIY1ruYIJbNuBk969bxNdJBJa7V2z9eU//WpWppAjK4osVZUBitEY0BXO+vDSlKJ9\nzjS7rUrTcoFwXTTRAzItWbujf8tSbB4BykZfzvC2xMTThVsAlCW+v0n0pN1TFHom\nlI0gty8mjZiSW+EBQ97HpEVu/aQpg/4tP2wQWlYsYFbA68JUPkmMYnOJ9oYQYYDB\n+7VyH8lTKdIIaR4dav2UYNq7gpEwLxBnnTPnkwnsyyCy2Xw6kmi7rVRG/Y6Y/J48\naEIL9Q0CgYEA/1ap7vB/1uZ9SES3mmk9prRPvr6CtdXJfVfIYfzDU5nl6RdTWnll\neTJM6nNwfNjQuS9zI7e/owkVn2rXhbM1U/mPFrtdGh5UFmkRrP27bvaLk6NsIOv7\nLynD3OHSLVtHNH5jGJK6UBJay3FiZpCOGFOW+TJ2Wz33m9KTwPcXzu0CgYEA96tF\nvVdP3nxiKFTfJMQGz+Y+PLfLuEQb7mL7ezPSIuZmGF2LOgAWqK3g7X2D/DY5i819\nBy7DiHA4Ahwc5pt67Xjr4j0cQwOibGbUgv8IuRQ9aqdisECHHN+xjpUimoricDA4\noS2V0XRtiJzRtDfPvyyfWQVSX1ljHfleTH155ZcCgYEA6TNuinKOX2gs/eb8xQLf\nMrS1rGD0ojv6BQc6VPv0LRN+no8WKqh62+DrzKjYEL44ixliEDoOxUlTvUBoTIzq\n5KIlZD6E/oi6hak6YoNuPx7fRVzZMYw04dNENiTsv04BT1krClNf5CePUwVgOIpH\nrMITPc8vt4916JO/LFrAHNUCgYB6V/rtW1Iy/5KlhbdtPAB5dq1L5ScXcV2y1uaP\np7uoTdQlOSBrmFuZG7u+1X/7ePXYX7vhbnJc1cJ1GFoWeLuyz0cGzVVGrWbw0aMs\nyrsOYjcsll8j3dxgoQfe/UDIws60yL1QsWoOu8rX70+QDPns4CgfG4fjXg6eYe75\nLgqnJQKBgHvi88+jOWW3MrP45+B37cCvZAkAJyrLuEr/9YzSUVvzxSgbLRx1thOR\nOjshc9RgPN6DK545E37KoBHGJ76g5qqt8M6TqzuvbyFW6ruWFHdG3ximXUmZA1e0\nVXZsBP1KJ4s0DpWu6yuZzo5hf/pY7WSxHBJAWt40tXjoyhKXQ0Yw\n-----END RSA PRIVATE KEY-----\n",
      "type": "string",
      "sensitive": true
    },
    "ubuntu_container_public_key": {
      "value": "ssh-rsa AAAAB3NzaC1yc2EAAAADAQABAAABAQD3B3JoQoT3Xs3axogLzr86s67f5E+F9Ek7lB7UqlE0gQVYQSy9F/93OmTxyZLOFIwCKX7t20vbsbKOepIb5NTrYj0doy+7/K95d6FO/C2do6mchC2wz+Msfk21Rz2MXcMxq6XzJYpuEcad8x2SthoLKx8F/4xoC7lbXDTFPuCDQp3Guw6kHkwAwqLLtVVzrPR+xKVgL2jMIfg/lGEyrVk3SeE0TwH6DHVCAV31Zp/BPXBMSAGK10rrcW1WKCfSECa1+UzPp/2gcLm6GBlVdkqkMaLc6aGsjwjJ8rwAi7d4831F2EdMixQHOwFD6eLspJ01GVWTT+mvYYzNooCSKg7L\n",
      "type": "string"
    }
  },
  "resources": [
    {
      "mode": "managed",
      "type": "proxmox_virtual_environment_container",
      "name": "ubuntu_container",
      "provider": "provider[\"registry.terraform.io/bpg/proxmox\"]",
      "instances": [
        {
          "index_key": 0,
          "schema_version": 0,
          "attributes": {
            "clone": [],
            "console": [],
            "cpu": [],
            "description": "Managed by Terraform\n",
            "device_passthrough": [],
            "disk": [
              {
                "acl": false,
                "datastore_id": "local-lvm",
                "mount_options": null,
                "quota": false,
                "replicate": false,
                "size": 4
              }
            ],
            "features": [
              {
                "fuse": false,
                "keyctl": false,
                "mount": null,
                "nesting": true
              }
            ],
            "hook_script_file_id": null,
            "id": "601",
            "initialization": [
              {
                "dns": [],
                "hostname": "ubuntu-501",
                "ip_config": [
                  {
                    "ipv4": [
                      {
                        "address": "dhcp",
                        "gateway": ""
                      }
                    ],
                    "ipv6": []
                  }
                ],
                "user_account": [
                  {
                    "keys": [
                      "ssh-rsa AAAAB3NzaC1yc2EAAAADAQABAAABAQD3B3JoQoT3Xs3axogLzr86s67f5E+F9Ek7lB7UqlE0gQVYQSy9F/93OmTxyZLOFIwCKX7t20vbsbKOepIb5NTrYj0doy+7/K95d6FO/C2do6mchC2wz+Msfk21Rz2MXcMxq6XzJYpuEcad8x2SthoLKx8F/4xoC7lbXDTFPuCDQp3Guw6kHkwAwqLLtVVzrPR+xKVgL2jMIfg/lGEyrVk3SeE0TwH6DHVCAV31Zp/BPXBMSAGK10rrcW1WKCfSECa1+UzPp/2gcLm6GBlVdkqkMaLc6aGsjwjJ8rwAi7d4831F2EdMixQHOwFD6eLspJ01GVWTT+mvYYzNooCSKg7L"
                    ],
                    "password": "DPVuhDJkAjOJ62Qx"
                  }
                ]
              }
            ],
            "ipv4": {},
            "ipv6": {
              "veth0": "fe80::be24:11ff:fe7d:fde0"
            },
            "memory": [],
            "mount_point": [
              {
                "acl": false,
                "backup": false,
                "mount_options": null,
                "path": "/mnt/volume",
                "quota": false,
                "read_only": false,
                "replicate": true,
                "shared": false,
                "size": "10G",
                "volume": "local-lvm:vm-601-disk-1"
              }
            ],
            "network_interface": [
              {
                "bridge": "vmbr0",
                "enabled": true,
                "firewall": false,
                "mac_address": "BC:24:11:7D:FD:E0",
                "mtu": 0,
                "name": "veth0",
                "rate_limit": 0,
                "vlan_id": 0
              }
            ],
            "node_name": "proxmox1",
            "operating_system": [
              {
                "template_file_id": "local:vztmpl/ubuntu-22.04-standard_22.04-1_amd64.tar.zst",
                "type": "ubuntu"
              }
            ],
            "pool_id": null,
            "protection": false,
            "start_on_boot": true,
            "started": true,
            "startup": [
              {
                "down_delay": 60,
                "order": 3,
                "up_delay": 60
              }
            ],
            "tags": null,
            "template": false,
            "timeout_clone": 1800,
            "timeout_create": 1800,
            "timeout_delete": 60,
            "timeout_start": 300,
            "timeout_update": 1800,
            "unprivileged": true,
            "vm_id": 601
          },
          "sensitive_attributes": [
            [
              {
                "type": "get_attr",
                "value": "initialization"
              },
              {
                "type": "index",
                "value": {
                  "value": 0,
                  "type": "number"
                }
              },
              {
                "type": "get_attr",
                "value": "user_account"
              },
              {
                "type": "index",
                "value": {
                  "value": 0,
                  "type": "number"
                }
              },
              {
                "type": "get_attr",
                "value": "password"
              }
            ]
          ],
          "identity_schema_version": 0,
          "private": "bnVsbA==",
          "dependencies": [
            "random_password.ubuntu_container_password",
            "tls_private_key.ubuntu_container_key"
          ]
        },
        {
          "index_key": 1,
          "schema_version": 0,
          "attributes": {
            "clone": [],
            "console": [],
            "cpu": [],
            "description": "Managed by Terraform\n",
            "device_passthrough": [],
            "disk": [
              {
                "acl": false,
                "datastore_id": "local-lvm",
                "mount_options": null,
                "quota": false,
                "replicate": false,
                "size": 4
              }
            ],
            "features": [
              {
                "fuse": false,
                "keyctl": false,
                "mount": null,
                "nesting": true
              }
            ],
            "hook_script_file_id": null,
            "id": "602",
            "initialization": [
              {
                "dns": [],
                "hostname": "ubuntu-502",
                "ip_config": [
                  {
                    "ipv4": [
                      {
                        "address": "dhcp",
                        "gateway": ""
                      }
                    ],
                    "ipv6": []
                  }
                ],
                "user_account": [
                  {
                    "keys": [
                      "ssh-rsa AAAAB3NzaC1yc2EAAAADAQABAAABAQD3B3JoQoT3Xs3axogLzr86s67f5E+F9Ek7lB7UqlE0gQVYQSy9F/93OmTxyZLOFIwCKX7t20vbsbKOepIb5NTrYj0doy+7/K95d6FO/C2do6mchC2wz+Msfk21Rz2MXcMxq6XzJYpuEcad8x2SthoLKx8F/4xoC7lbXDTFPuCDQp3Guw6kHkwAwqLLtVVzrPR+xKVgL2jMIfg/lGEyrVk3SeE0TwH6DHVCAV31Zp/BPXBMSAGK10rrcW1WKCfSECa1+UzPp/2gcLm6GBlVdkqkMaLc6aGsjwjJ8rwAi7d4831F2EdMixQHOwFD6eLspJ01GVWTT+mvYYzNooCSKg7L"
                    ],
                    "password": "DPVuhDJkAjOJ62Qx"
                  }
                ]
              }
            ],
            "ipv4": {},
            "ipv6": {
              "veth0": "fe80::be24:11ff:fe99:8ceb"
            },
            "memory": [],
            "mount_point": [
              {
                "acl": false,
                "backup": false,
                "mount_options": null,
                "path": "/mnt/volume",
                "quota": false,
                "read_only": false,
                "replicate": true,
                "shared": false,
                "size": "10G",
                "volume": "local-lvm:vm-602-disk-1"
              }
            ],
            "network_interface": [
              {
                "bridge": "vmbr0",
                "enabled": true,
                "firewall": false,
                "mac_address": "BC:24:11:99:8C:EB",
                "mtu": 0,
                "name": "veth0",
                "rate_limit": 0,
                "vlan_id": 0
              }
            ],
            "node_name": "proxmox1",
            "operating_system": [
              {
                "template_file_id": "local:vztmpl/ubuntu-22.04-standard_22.04-1_amd64.tar.zst",
                "type": "ubuntu"
              }
            ],
            "pool_id": null,
            "protection": false,
            "start_on_boot": true,
            "started": true,
            "startup": [
              {
                "down_delay": 60,
                "order": 3,
                "up_delay": 60
              }
            ],
            "tags": null,
            "template": false,
            "timeout_clone": 1800,
            "timeout_create": 1800,
            "timeout_delete": 60,
            "timeout_start": 300,
            "timeout_update": 1800,
            "unprivileged": true,
            "vm_id": 602
          },
          "sensitive_attributes": [
            [
              {
                "type": "get_attr",
                "value": "initialization"
              },
              {
                "type": "index",
                "value": {
                  "value": 0,
                  "type": "number"
                }
              },
              {
                "type": "get_attr",
                "value": "user_account"
              },
              {
                "type": "index",
                "value": {
                  "value": 0,
                  "type": "number"
                }
              },
              {
                "type": "get_attr",
                "value": "password"
              }
            ]
          ],
          "identity_schema_version": 0,
          "private": "bnVsbA==",
          "dependencies": [
            "random_password.ubuntu_container_password",
            "tls_private_key.ubuntu_container_key"
          ]
        },
        {
          "index_key": 2,
          "schema_version": 0,
          "attributes": {
            "clone": [],
            "console": [],
            "cpu": [],
            "description": "Managed by Terraform\n",
            "device_passthrough": [],
            "disk": [
              {
                "acl": false,
                "datastore_id": "local-lvm",
                "mount_options": null,
                "quota": false,
                "replicate": false,
                "size": 4
              }
            ],
            "features": [
              {
                "fuse": false,
                "keyctl": false,
                "mount": null,
                "nesting": true
              }
            ],
            "hook_script_file_id": null,
            "id": "603",
            "initialization": [
              {
                "dns": [],
                "hostname": "ubuntu-503",
                "ip_config": [
                  {
                    "ipv4": [
                      {
                        "address": "dhcp",
                        "gateway": ""
                      }
                    ],
                    "ipv6": []
                  }
                ],
                "user_account": [
                  {
                    "keys": [
                      "ssh-rsa AAAAB3NzaC1yc2EAAAADAQABAAABAQD3B3JoQoT3Xs3axogLzr86s67f5E+F9Ek7lB7UqlE0gQVYQSy9F/93OmTxyZLOFIwCKX7t20vbsbKOepIb5NTrYj0doy+7/K95d6FO/C2do6mchC2wz+Msfk21Rz2MXcMxq6XzJYpuEcad8x2SthoLKx8F/4xoC7lbXDTFPuCDQp3Guw6kHkwAwqLLtVVzrPR+xKVgL2jMIfg/lGEyrVk3SeE0TwH6DHVCAV31Zp/BPXBMSAGK10rrcW1WKCfSECa1+UzPp/2gcLm6GBlVdkqkMaLc6aGsjwjJ8rwAi7d4831F2EdMixQHOwFD6eLspJ01GVWTT+mvYYzNooCSKg7L"
                    ],
                    "password": "DPVuhDJkAjOJ62Qx"
                  }
                ]
              }
            ],
            "ipv4": {},
            "ipv6": {
              "veth0": "fe80::be24:11ff:fe72:74c5"
            },
            "memory": [],
            "mount_point": [
              {
                "acl": false,
                "backup": false,
                "mount_options": null,
                "path": "/mnt/volume",
                "quota": false,
                "read_only": false,
                "replicate": true,
                "shared": false,
                "size": "10G",
                "volume": "local-lvm:vm-603-disk-1"
              }
            ],
            "network_interface": [
              {
                "bridge": "vmbr0",
                "enabled": true,
                "firewall": false,
                "mac_address": "BC:24:11:72:74:C5",
                "mtu": 0,
                "name": "veth0",
                "rate_limit": 0,
                "vlan_id": 0
              }
            ],
            "node_name": "proxmox1",
            "operating_system": [
              {
                "template_file_id": "local:vztmpl/ubuntu-22.04-standard_22.04-1_amd64.tar.zst",
                "type": "ubuntu"
              }
            ],
            "pool_id": null,
            "protection": false,
            "start_on_boot": true,
            "started": true,
            "startup": [
              {
                "down_delay": 60,
                "order": 3,
                "up_delay": 60
              }
            ],
            "tags": null,
            "template": false,
            "timeout_clone": 1800,
            "timeout_create": 1800,
            "timeout_delete": 60,
            "timeout_start": 300,
            "timeout_update": 1800,
            "unprivileged": true,
            "vm_id": 603
          },
          "sensitive_attributes": [
            [
              {
                "type": "get_attr",
                "value": "initialization"
              },
              {
                "type": "index",
                "value": {
                  "value": 0,
                  "type": "number"
                }
              },
              {
                "type": "get_attr",
                "value": "user_account"
              },
              {
                "type": "index",
                "value": {
                  "value": 0,
                  "type": "number"
                }
              },
              {
                "type": "get_attr",
                "value": "password"
              }
            ]
          ],
          "identity_schema_version": 0,
          "private": "bnVsbA==",
          "dependencies": [
            "random_password.ubuntu_container_password",
            "tls_private_key.ubuntu_container_key"
          ]
        }
      ]
    },
    {
      "mode": "managed",
      "type": "random_password",
      "name": "ubuntu_container_password",
      "provider": "provider[\"registry.terraform.io/hashicorp/random\"]",
      "instances": [
        {
          "schema_version": 3,
          "attributes": {
            "bcrypt_hash": "$2a$10$rDAiJSDl3aVNpQmJGhHKu.EvEVV7MURiJfIN5Q5ZjYzyCO2rSqL2O",
            "id": "none",
            "keepers": null,
            "length": 16,
            "lower": true,
            "min_lower": 0,
            "min_numeric": 0,
            "min_special": 0,
            "min_upper": 0,
            "number": true,
            "numeric": true,
            "override_special": "_%@",
            "result": "DPVuhDJkAjOJ62Qx",
            "special": true,
            "upper": true
          },
          "sensitive_attributes": [
            [
              {
                "type": "get_attr",
                "value": "bcrypt_hash"
              }
            ],
            [
              {
                "type": "get_attr",
                "value": "result"
              }
            ]
          ],
          "identity_schema_version": 0
        }
      ]
    },
    {
      "mode": "managed",
      "type": "tls_private_key",
      "name": "ubuntu_container_key",
      "provider": "provider[\"registry.terraform.io/hashicorp/tls\"]",
      "instances": [
        {
          "schema_version": 1,
          "attributes": {
            "algorithm": "RSA",
            "ecdsa_curve": "P224",
            "id": "62531205df214017fabec8c64d11bbc6840c1473",
            "private_key_openssh": "-----BEGIN OPENSSH PRIVATE KEY-----\nb3BlbnNzaC1rZXktdjEAAAAABG5vbmUAAAAEbm9uZQAAAAAAAAABAAABFwAAAAdz\nc2gtcnNhAAAAAwEAAQAAAQEA9wdyaEKE917N2saIC86/OrOu3+RPhfRJO5Qe1KpR\nNIEFWEEsvRf/dzpk8cmSzhSMAil+7dtL27GyjnqSG+TU62I9HaMvu/yveXehTvwt\nnaOpnIQtsM/jLH5NtUc9jF3DMaul8yWKbhHGnfMdkrYaCysfBf+MaAu5W1w0xT7g\ng0KdxrsOpB5MAMKiy7VVc6z0fsSlYC9ozCH4P5RhMq1ZN0nhNE8B+gx1QgFd9Waf\nwT1wTEgBitdK63FtVign0hAmtflMz6f9oHC5uhgZVXZKpDGi3OmhrI8IyfK8AIu3\nePN9RdhHTIsUBzsBQ+ni7KSdNRlVk0/pr2GMzaKAkioOywAAA7jvSQkE70kJBAAA\nAAdzc2gtcnNhAAABAQD3B3JoQoT3Xs3axogLzr86s67f5E+F9Ek7lB7UqlE0gQVY\nQSy9F/93OmTxyZLOFIwCKX7t20vbsbKOepIb5NTrYj0doy+7/K95d6FO/C2do6mc\nhC2wz+Msfk21Rz2MXcMxq6XzJYpuEcad8x2SthoLKx8F/4xoC7lbXDTFPuCDQp3G\nuw6kHkwAwqLLtVVzrPR+xKVgL2jMIfg/lGEyrVk3SeE0TwH6DHVCAV31Zp/BPXBM\nSAGK10rrcW1WKCfSECa1+UzPp/2gcLm6GBlVdkqkMaLc6aGsjwjJ8rwAi7d4831F\n2EdMixQHOwFD6eLspJ01GVWTT+mvYYzNooCSKg7LAAAAAwEAAQAAAQBJaqusY9Sr\nxj/M/QMS60u3MQ7QmMSvrZYUQGXXU5UV0yCZBam7u0WgFDlLCNr6J24i+F0yaOIH\nNa05HiGNa7mCCWzbgZPevW8TXSQSWu1ds/XlP/1qVqaQIyuKLFWVAYrRGNAVzvrw\n0pSifc40u61K03KBcF000QMyLVm7o3/LUmweAcpGX87wtsTE04VbAJQlvr9J9KTd\nUxR6JpSNILcvJo2YklvhAUPex6RFbv2kKYP+LT9sEFpWLGBWwOvCVD5JjGJzifaG\nEGGAwfu1ch/JUynSCGkeHWr9lGDau4KRMC8QZ50z55MJ7Msgstl8OpJou61URv2O\nmPyePGhCC/UNAAAAgHvi88+jOWW3MrP45+B37cCvZAkAJyrLuEr/9YzSUVvzxSgb\nLRx1thOROjshc9RgPN6DK545E37KoBHGJ76g5qqt8M6TqzuvbyFW6ruWFHdG3xim\nXUmZA1e0VXZsBP1KJ4s0DpWu6yuZzo5hf/pY7WSxHBJAWt40tXjoyhKXQ0YwAAAA\ngQD/Vqnu8H/W5n1IRLeaaT2mtE++voK11cl9V8hh/MNTmeXpF1NaeWV5Mkzqc3B8\n2NC5L3Mjt7+jCRWfateFszVT+Y8Wu10aHlQWaRGs/btu9ouTo2wg6/svKcPc4dIt\nW0c0fmMYkrpQElrLcWJmkI4YU5b5MnZbPfeb0pPA9xfO7QAAAIEA96tFvVdP3nxi\nKFTfJMQGz+Y+PLfLuEQb7mL7ezPSIuZmGF2LOgAWqK3g7X2D/DY5i819By7DiHA4\nAhwc5pt67Xjr4j0cQwOibGbUgv8IuRQ9aqdisECHHN+xjpUimoricDA4oS2V0XRt\niJzRtDfPvyyfWQVSX1ljHfleTH155ZcAAAAAAQID\n-----END OPENSSH PRIVATE KEY-----\n",
            "private_key_pem": "-----BEGIN RSA PRIVATE KEY-----\nMIIEowIBAAKCAQEA9wdyaEKE917N2saIC86/OrOu3+RPhfRJO5Qe1KpRNIEFWEEs\nvRf/dzpk8cmSzhSMAil+7dtL27GyjnqSG+TU62I9HaMvu/yveXehTvwtnaOpnIQt\nsM/jLH5NtUc9jF3DMaul8yWKbhHGnfMdkrYaCysfBf+MaAu5W1w0xT7gg0KdxrsO\npB5MAMKiy7VVc6z0fsSlYC9ozCH4P5RhMq1ZN0nhNE8B+gx1QgFd9WafwT1wTEgB\nitdK63FtVign0hAmtflMz6f9oHC5uhgZVXZKpDGi3OmhrI8IyfK8AIu3ePN9RdhH\nTIsUBzsBQ+ni7KSdNRlVk0/pr2GMzaKAkioOywIDAQABAoIBAElqq6xj1KvGP8z9\nAxLrS7cxDtCYxK+tlhRAZddTlRXTIJkFqbu7RaAUOUsI2vonbiL4XTJo4gc1rTke\nIY1ruYIJbNuBk969bxNdJBJa7V2z9eU//WpWppAjK4osVZUBitEY0BXO+vDSlKJ9\nzjS7rUrTcoFwXTTRAzItWbujf8tSbB4BykZfzvC2xMTThVsAlCW+v0n0pN1TFHom\nlI0gty8mjZiSW+EBQ97HpEVu/aQpg/4tP2wQWlYsYFbA68JUPkmMYnOJ9oYQYYDB\n+7VyH8lTKdIIaR4dav2UYNq7gpEwLxBnnTPnkwnsyyCy2Xw6kmi7rVRG/Y6Y/J48\naEIL9Q0CgYEA/1ap7vB/1uZ9SES3mmk9prRPvr6CtdXJfVfIYfzDU5nl6RdTWnll\neTJM6nNwfNjQuS9zI7e/owkVn2rXhbM1U/mPFrtdGh5UFmkRrP27bvaLk6NsIOv7\nLynD3OHSLVtHNH5jGJK6UBJay3FiZpCOGFOW+TJ2Wz33m9KTwPcXzu0CgYEA96tF\nvVdP3nxiKFTfJMQGz+Y+PLfLuEQb7mL7ezPSIuZmGF2LOgAWqK3g7X2D/DY5i819\nBy7DiHA4Ahwc5pt67Xjr4j0cQwOibGbUgv8IuRQ9aqdisECHHN+xjpUimoricDA4\noS2V0XRtiJzRtDfPvyyfWQVSX1ljHfleTH155ZcCgYEA6TNuinKOX2gs/eb8xQLf\nMrS1rGD0ojv6BQc6VPv0LRN+no8WKqh62+DrzKjYEL44ixliEDoOxUlTvUBoTIzq\n5KIlZD6E/oi6hak6YoNuPx7fRVzZMYw04dNENiTsv04BT1krClNf5CePUwVgOIpH\nrMITPc8vt4916JO/LFrAHNUCgYB6V/rtW1Iy/5KlhbdtPAB5dq1L5ScXcV2y1uaP\np7uoTdQlOSBrmFuZG7u+1X/7ePXYX7vhbnJc1cJ1GFoWeLuyz0cGzVVGrWbw0aMs\nyrsOYjcsll8j3dxgoQfe/UDIws60yL1QsWoOu8rX70+QDPns4CgfG4fjXg6eYe75\nLgqnJQKBgHvi88+jOWW3MrP45+B37cCvZAkAJyrLuEr/9YzSUVvzxSgbLRx1thOR\nOjshc9RgPN6DK545E37KoBHGJ76g5qqt8M6TqzuvbyFW6ruWFHdG3ximXUmZA1e0\nVXZsBP1KJ4s0DpWu6yuZzo5hf/pY7WSxHBJAWt40tXjoyhKXQ0Yw\n-----END RSA PRIVATE KEY-----\n",
            "private_key_pem_pkcs8": "-----BEGIN PRIVATE KEY-----\nMIIEvQIBADANBgkqhkiG9w0BAQEFAASCBKcwggSjAgEAAoIBAQD3B3JoQoT3Xs3a\nxogLzr86s67f5E+F9Ek7lB7UqlE0gQVYQSy9F/93OmTxyZLOFIwCKX7t20vbsbKO\nepIb5NTrYj0doy+7/K95d6FO/C2do6mchC2wz+Msfk21Rz2MXcMxq6XzJYpuEcad\n8x2SthoLKx8F/4xoC7lbXDTFPuCDQp3Guw6kHkwAwqLLtVVzrPR+xKVgL2jMIfg/\nlGEyrVk3SeE0TwH6DHVCAV31Zp/BPXBMSAGK10rrcW1WKCfSECa1+UzPp/2gcLm6\nGBlVdkqkMaLc6aGsjwjJ8rwAi7d4831F2EdMixQHOwFD6eLspJ01GVWTT+mvYYzN\nooCSKg7LAgMBAAECggEASWqrrGPUq8Y/zP0DEutLtzEO0JjEr62WFEBl11OVFdMg\nmQWpu7tFoBQ5Swja+iduIvhdMmjiBzWtOR4hjWu5ggls24GT3r1vE10kElrtXbP1\n5T/9alamkCMriixVlQGK0RjQFc768NKUon3ONLutStNygXBdNNEDMi1Zu6N/y1Js\nHgHKRl/O8LbExNOFWwCUJb6/SfSk3VMUeiaUjSC3LyaNmJJb4QFD3sekRW79pCmD\n/i0/bBBaVixgVsDrwlQ+SYxic4n2hhBhgMH7tXIfyVMp0ghpHh1q/ZRg2ruCkTAv\nEGedM+eTCezLILLZfDqSaLutVEb9jpj8njxoQgv1DQKBgQD/Vqnu8H/W5n1IRLea\naT2mtE++voK11cl9V8hh/MNTmeXpF1NaeWV5Mkzqc3B82NC5L3Mjt7+jCRWfateF\nszVT+Y8Wu10aHlQWaRGs/btu9ouTo2wg6/svKcPc4dItW0c0fmMYkrpQElrLcWJm\nkI4YU5b5MnZbPfeb0pPA9xfO7QKBgQD3q0W9V0/efGIoVN8kxAbP5j48t8u4RBvu\nYvt7M9Ii5mYYXYs6ABaoreDtfYP8NjmLzX0HLsOIcDgCHBzmm3rteOviPRxDA6Js\nZtSC/wi5FD1qp2KwQIcc37GOlSKaiuJwMDihLZXRdG2InNG0N8+/LJ9ZBVJfWWMd\n+V5MfXnllwKBgQDpM26Kco5faCz95vzFAt8ytLWsYPSiO/oFBzpU+/QtE36ejxYq\nqHrb4OvMqNgQvjiLGWIQOg7FSVO9QGhMjOrkoiVkPoT+iLqFqTpig24/Ht9FXNkx\njDTh00Q2JOy/TgFPWSsKU1/kJ49TBWA4ikeswhM9zy+3j3Xok78sWsAc1QKBgHpX\n+u1bUjL/kqWFt208AHl2rUvlJxdxXbLW5o+nu6hN1CU5IGuYW5kbu77Vf/t49dhf\nu+FuclzVwnUYWhZ4u7LPRwbNVUatZvDRoyzKuw5iNyyWXyPd3GChB979QMjCzrTI\nvVCxag67ytfvT5AM+ezgKB8bh+NeDp5h7vkuCqclAoGAe+Lzz6M5Zbcys/jn4Hft\nwK9kCQAnKsu4Sv/1jNJRW/PFKBstHHW2E5E6OyFz1GA83oMrnjkTfsqgEcYnvqDm\nqq3wzpOrO69vIVbqu5YUd0bfGKZdSZkDV7RVdmwE/UonizQOla7rK5nOjmF/+ljt\nZLEcEkBa3jS1eOjKEpdDRjA=\n-----END PRIVATE KEY-----\n",
            "public_key_fingerprint_md5": "7b:fa:74:c6:6f:55:7c:09:46:84:cc:08:eb:3e:51:3f",
            "public_key_fingerprint_sha256": "SHA256:let6bonOAqQh7WVWuNIL31q0iQ5KKf38tX/6JEQ/+F8",
            "public_key_openssh": "ssh-rsa AAAAB3NzaC1yc2EAAAADAQABAAABAQD3B3JoQoT3Xs3axogLzr86s67f5E+F9Ek7lB7UqlE0gQVYQSy9F/93OmTxyZLOFIwCKX7t20vbsbKOepIb5NTrYj0doy+7/K95d6FO/C2do6mchC2wz+Msfk21Rz2MXcMxq6XzJYpuEcad8x2SthoLKx8F/4xoC7lbXDTFPuCDQp3Guw6kHkwAwqLLtVVzrPR+xKVgL2jMIfg/lGEyrVk3SeE0TwH6DHVCAV31Zp/BPXBMSAGK10rrcW1WKCfSECa1+UzPp/2gcLm6GBlVdkqkMaLc6aGsjwjJ8rwAi7d4831F2EdMixQHOwFD6eLspJ01GVWTT+mvYYzNooCSKg7L\n",
            "public_key_pem": "-----BEGIN PUBLIC KEY-----\nMIIBIjANBgkqhkiG9w0BAQEFAAOCAQ8AMIIBCgKCAQEA9wdyaEKE917N2saIC86/\nOrOu3+RPhfRJO5Qe1KpRNIEFWEEsvRf/dzpk8cmSzhSMAil+7dtL27GyjnqSG+TU\n62I9HaMvu/yveXehTvwtnaOpnIQtsM/jLH5NtUc9jF3DMaul8yWKbhHGnfMdkrYa\nCysfBf+MaAu5W1w0xT7gg0KdxrsOpB5MAMKiy7VVc6z0fsSlYC9ozCH4P5RhMq1Z\nN0nhNE8B+gx1QgFd9WafwT1wTEgBitdK63FtVign0hAmtflMz6f9oHC5uhgZVXZK\npDGi3OmhrI8IyfK8AIu3ePN9RdhHTIsUBzsBQ+ni7KSdNRlVk0/pr2GMzaKAkioO\nywIDAQAB\n-----END PUBLIC KEY-----\n",
            "rsa_bits": 2048
          },
          "sensitive_attributes": [
            [
              {
                "type": "get_attr",
                "value": "private_key_openssh"
              }
            ],
            [
              {
                "type": "get_attr",
                "value": "private_key_pem"
              }
            ],
            [
              {
                "type": "get_attr",
                "value": "private_key_pem_pkcs8"
              }
            ]
          ],
          "identity_schema_version": 0
        }
      ]
    }
  ],
  "check_results": null
}
